
Microsoft Visual Studio Solution File, Format Version 12.00
# Visual Studio Version 16
VisualStudioVersion = 16.0.31702.278
MinimumVisualStudioVersion = 10.0.40219.1
Project("{FAE04EC0-301F-11D3-BF4B-00C04F79EFBC}") = "AgentSetup", "AgentSetup\AgentSetup.csproj", "{BDBF5D53-96A4-4631-A95D-D2192211671A}"
EndProject
Global
	GlobalSection(SolutionConfigurationPlatforms) = preSolution
		Debug|Any CPU = Debug|Any CPU
		Release|Any CPU = Release|Any CPU
	EndGlobalSection
	GlobalSection(ProjectConfigurationPlatforms) = postSolution
		{BDBF5D53-96A4-4631-A95D-D2192211671A}.Debug|Any CPU.ActiveCfg = Debug|Any CPU
		{BDBF5D53-96A4-4631-A95D-D2192211671A}.Debug|Any CPU.Build.0 = Debug|Any CPU
		{BDBF5D53-96A4-4631-A95D-D2192211671A}.Release|Any CPU.ActiveCfg = Release|Any CPU
		{BDBF5D53-96A4-4631-A95D-D2192211671A}.Release|Any CPU.Build.0 = Release|Any CPU
	EndGlobalSection
	GlobalSection(SolutionProperties) = preSolution
		HideSolutionNode = FALSE
	EndGlobalSection
	GlobalSection(ExtensibilityGlobals) = postSolution
		SolutionGuid = {FD108A28-8FB8-445A-919B-7E1EBCC22061}
	EndGlobalSection
EndGlobal
